
Microsoft Visual Studio Solution File, Format Version 12.00
# Visual Studio 2012
Project("{FAE04EC0-301F-11D3-BF4B-00C04F79EFBC}") = "FluentObjects", "FluentObjects\FluentObjects.csproj", "{586790E0-F2DC-48AF-A57C-2E1049A48B5F}"
EndProject
Project("{FAE04EC0-301F-11D3-BF4B-00C04F79EFBC}") = "FluentObjectsTests", "FluentObjectsTests\FluentObjectsTests.csproj", "{B8920AEA-6579-4348-BD11-4D2F67D96A78}"
EndProject
Project("{FAE04EC0-301F-11D3-BF4B-00C04F79EFBC}") = "FluentObjects.Mvc4", "FluentObjects.Mvc4\FluentObjects.Mvc4.csproj", "{09C8F8B3-9146-42C4-A049-554EE271B745}"
EndProject
Global
	GlobalSection(SolutionConfigurationPlatforms) = preSolution
		Debug|Any CPU = Debug|Any CPU
		Release|Any CPU = Release|Any CPU
	EndGlobalSection
	GlobalSection(ProjectConfigurationPlatforms) = postSolution
		{586790E0-F2DC-48AF-A57C-2E1049A48B5F}.Debug|Any CPU.ActiveCfg = Debug|Any CPU
		{586790E0-F2DC-48AF-A57C-2E1049A48B5F}.Debug|Any CPU.Build.0 = Debug|Any CPU
		{586790E0-F2DC-48AF-A57C-2E1049A48B5F}.Release|Any CPU.ActiveCfg = Release|Any CPU
		{586790E0-F2DC-48AF-A57C-2E1049A48B5F}.Release|Any CPU.Build.0 = Release|Any CPU
		{B8920AEA-6579-4348-BD11-4D2F67D96A78}.Debug|Any CPU.ActiveCfg = Debug|Any CPU
		{B8920AEA-6579-4348-BD11-4D2F67D96A78}.Debug|Any CPU.Build.0 = Debug|Any CPU
		{B8920AEA-6579-4348-BD11-4D2F67D96A78}.Release|Any CPU.ActiveCfg = Release|Any CPU
		{B8920AEA-6579-4348-BD11-4D2F67D96A78}.Release|Any CPU.Build.0 = Release|Any CPU
		{09C8F8B3-9146-42C4-A049-554EE271B745}.Debug|Any CPU.ActiveCfg = Debug|Any CPU
		{09C8F8B3-9146-42C4-A049-554EE271B745}.Debug|Any CPU.Build.0 = Debug|Any CPU
		{09C8F8B3-9146-42C4-A049-554EE271B745}.Release|Any CPU.ActiveCfg = Release|Any CPU
		{09C8F8B3-9146-42C4-A049-554EE271B745}.Release|Any CPU.Build.0 = Release|Any CPU
	EndGlobalSection
	GlobalSection(SolutionProperties) = preSolution
		HideSolutionNode = FALSE
	EndGlobalSection
EndGlobal
